Microsoft Visual Studio Solution File, Format Version 12.00
# Visual Studio Version 16
VisualStudioVersion = 16.0.30717.126
MinimumVisualStudioVersion = 10.0.40219.1
Project("{9A19103F-16F7-4668-BE54-9A1E7A4F7556}") = "Usar Mostrar contenido ensamblado", "Usar Mostrar contenido ensamblado\Usar Mostrar contenido ensamblado.csproj", "{E761B816-63B4-40A7-8758-B08729AD0C12}"
EndProject
Project("{9A19103F-16F7-4668-BE54-9A1E7A4F7556}") = "Mostrar contenido ensamblado", "..\Mostrar contenido ensamblado\Mostrar contenido ensamblado.csproj", "{83006054-D0A7-4FCD-9BFD-12DD66188E0D}"
EndProject
Project("{778DAE3C-4631-46EA-AA77-85C1314464D9}") = "Usar Mostrar contenido ensamblado vb", "Usar Mostrar contenido ensamblado vb\Usar Mostrar contenido ensamblado vb.vbproj", "{1256B3EF-1E84-4E41-89DB-B07B43749988}"
EndProject
Project("{F184B08F-C81C-45F6-A57F-5ABD9991F28F}") = "Mostrar contenido ensamblado vb", "..\Mostrar contenido ensamblado vb\Mostrar contenido ensamblado vb.vbproj", "{B0B3C36D-D719-490A-8D0D-4E664B571F45}"
EndProject
Global
	GlobalSection(SolutionConfigurationPlatforms) = preSolution
		Debug|Any CPU = Debug|Any CPU
		Release|Any CPU = Release|Any CPU
	EndGlobalSection
	GlobalSection(ProjectConfigurationPlatforms) = postSolution
		{E761B816-63B4-40A7-8758-B08729AD0C12}.Debug|Any CPU.ActiveCfg = Debug|Any CPU
		{E761B816-63B4-40A7-8758-B08729AD0C12}.Debug|Any CPU.Build.0 = Debug|Any CPU
		{E761B816-63B4-40A7-8758-B08729AD0C12}.Release|Any CPU.ActiveCfg = Release|Any CPU
		{E761B816-63B4-40A7-8758-B08729AD0C12}.Release|Any CPU.Build.0 = Release|Any CPU
		{83006054-D0A7-4FCD-9BFD-12DD66188E0D}.Debug|Any CPU.ActiveCfg = Debug|Any CPU
		{83006054-D0A7-4FCD-9BFD-12DD66188E0D}.Debug|Any CPU.Build.0 = Debug|Any CPU
		{83006054-D0A7-4FCD-9BFD-12DD66188E0D}.Release|Any CPU.ActiveCfg = Release|Any CPU
		{83006054-D0A7-4FCD-9BFD-12DD66188E0D}.Release|Any CPU.Build.0 = Release|Any CPU
		{1256B3EF-1E84-4E41-89DB-B07B43749988}.Debug|Any CPU.ActiveCfg = Debug|Any CPU
		{1256B3EF-1E84-4E41-89DB-B07B43749988}.Debug|Any CPU.Build.0 = Debug|Any CPU
		{1256B3EF-1E84-4E41-89DB-B07B43749988}.Release|Any CPU.ActiveCfg = Release|Any CPU
		{1256B3EF-1E84-4E41-89DB-B07B43749988}.Release|Any CPU.Build.0 = Release|Any CPU
		{B0B3C36D-D719-490A-8D0D-4E664B571F45}.Debug|Any CPU.ActiveCfg = Debug|Any CPU
		{B0B3C36D-D719-490A-8D0D-4E664B571F45}.Debug|Any CPU.Build.0 = Debug|Any CPU
		{B0B3C36D-D719-490A-8D0D-4E664B571F45}.Release|Any CPU.ActiveCfg = Release|Any CPU
		{B0B3C36D-D719-490A-8D0D-4E664B571F45}.Release|Any CPU.Build.0 = Release|Any CPU
	EndGlobalSection
	GlobalSection(SolutionProperties) = preSolution
		HideSolutionNode = FALSE
	EndGlobalSection
	GlobalSection(ExtensibilityGlobals) = postSolution
		SolutionGuid = {B5A793A6-AB29-4E4F-A4A0-226426C23086}
	EndGlobalSection
EndGlobal
